// !$*UTF8*$!
{
	archiveVersion = 1;
	classes = {
	};
	objectVersion = 46;
	objects = {

/* Begin PBXBuildFile section */
		1A6076BF1AFED303009EA00E /* AppDelegate.swift in Sources */ = {isa = PBXBuildFile; fileRef = 1A6076BE1AFED303009EA00E /* AppDelegate.swift */; };
		1A6076C11AFED303009EA00E /* ViewController.swift in Sources */ = {isa = PBXBuildFile; fileRef = 1A6076C01AFED303009EA00E /* ViewController.swift */; };
		1A6076C41AFED303009EA00E /* Main.storyboard in Resources */ = {isa = PBXBuildFile; fileRef = 1A6076C21AFED303009EA00E /* Main.storyboard */; };
		1A6076C61AFED303009EA00E /* Images.xcassets in Resources */ = {isa = PBXBuildFile; fileRef = 1A6076C51AFED303009EA00E /* Images.xcassets */; };
		1A6076C91AFED303009EA00E /* LaunchScreen.xib in Resources */ = {isa = PBXBuildFile; fileRef = 1A6076C71AFED303009EA00E /* LaunchScreen.xib */; };
		ADB6FC392000D0A0002289F8 /* TagListView.swift in Sources */ = {isa = PBXBuildFile; fileRef = ADB6FC382000D0A0002289F8 /* TagListView.swift */; };
		ADB6FC3B2000D0D6002289F8 /* TagTextField.swift in Sources */ = {isa = PBXBuildFile; fileRef = ADB6FC3A2000D0D6002289F8 /* TagTextField.swift */; };
		ADB6FC3D2000D115002289F8 /* TagView.swift in Sources */ = {isa = PBXBuildFile; fileRef = ADB6FC3C2000D115002289F8 /* TagView.swift */; };
		ADB6FC3F2000D13B002289F8 /* CloseButton.swift in Sources */ = {isa = PBXBuildFile; fileRef = ADB6FC3E2000D13B002289F8 /* CloseButton.swift */; };
/* End PBXBuildFile section */

/* Begin PBXCopyFilesBuildPhase section */
		1AD177121B6D73E70081F615 /* Embed Frameworks */ = {
			isa = PBXCopyFilesBuildPhase;
			buildActionMask = 2147483647;
			dstPath = "";
			dstSubfolderSpec = 10;
			files = (
			);
			name = "Embed Frameworks";
			runOnlyForDeploymentPostprocessing = 0;
		};
/* End PBXCopyFilesBuildPhase section */

/* Begin PBXFileReference section */
		1A6076B91AFED303009EA00E /* TagListViewDemo.app */ = {isa = PBXFileReference; explicitFileType = wrapper.application; includeInIndex = 0; path = TagListViewDemo.app; sourceTree = BUILT_PRODUCTS_DIR; };
		1A6076BD1AFED303009EA00E /* Info.plist */ = {isa = PBXFileReference; lastKnownFileType = text.plist.xml; path = Info.plist; sourceTree = "<group>"; };
		1A6076BE1AFED303009EA00E /* AppDelegate.swift */ = {isa = PBXFileReference; lastKnownFileType = sourcecode.swift; path = AppDelegate.swift; sourceTree = "<group>"; };
		1A6076C01AFED303009EA00E /* ViewController.swift */ = {isa = PBXFileReference; lastKnownFileType = sourcecode.swift; path = ViewController.swift; sourceTree = "<group>"; };
		1A6076C31AFED303009EA00E /* Base */ = {isa = PBXFileReference; lastKnownFileType = file.storyboard; name = Base; path = Base.lproj/Main.storyboard; sourceTree = "<group>"; };
		1A6076C51AFED303009EA00E /* Images.xcassets */ = {isa = PBXFileReference; lastKnownFileType = folder.assetcatalog; path = Images.xcassets; sourceTree = "<group>"; };
		1A6076C81AFED303009EA00E /* Base */ = {isa = PBXFileReference; lastKnownFileType = file.xib; name = Base; path = Base.lproj/LaunchScreen.xib; sourceTree = "<group>"; };
		ADB6FC382000D0A0002289F8 /* TagListView.swift */ = {isa = PBXFileReference; lastKnownFileType = sourcecode.swift; path = TagListView.swift; sourceTree = "<group>"; };
		ADB6FC3A2000D0D6002289F8 /* TagTextField.swift */ = {isa = PBXFileReference; lastKnownFileType = sourcecode.swift; path = TagTextField.swift; sourceTree = "<group>"; };
		ADB6FC3C2000D115002289F8 /* TagView.swift */ = {isa = PBXFileReference; lastKnownFileType = sourcecode.swift; path = TagView.swift; sourceTree = "<group>"; };
		ADB6FC3E2000D13B002289F8 /* CloseButton.swift */ = {isa = PBXFileReference; lastKnownFileType = sourcecode.swift; path = CloseButton.swift; sourceTree = "<group>"; };
/* End PBXFileReference section */

/* Begin PBXFrameworksBuildPhase section */
		1A6076B61AFED303009EA00E /* Frameworks */ = {
			isa = PBXFrameworksBuildPhase;
			buildActionMask = 2147483647;
			files = (
			);
			runOnlyForDeploymentPostprocessing = 0;
		};
/* End PBXFrameworksBuildPhase section */

/* Begin PBXGroup section */
		1A6076B01AFED303009EA00E = {
			isa = PBXGroup;
			children = (
				1A6076BB1AFED303009EA00E /* TagListViewDemo */,
				1A6076BA1AFED303009EA00E /* Products */,
			);
			sourceTree = "<group>";
		};
		1A6076BA1AFED303009EA00E /* Products */ = {
			isa = PBXGroup;
			children = (
				1A6076B91AFED303009EA00E /* TagListViewDemo.app */,
			);
			name = Products;
			sourceTree = "<group>";
		};
		1A6076BB1AFED303009EA00E /* TagListViewDemo */ = {
			isa = PBXGroup;
			children = (
				1A6076BE1AFED303009EA00E /* AppDelegate.swift */,
				1A6076C01AFED303009EA00E /* ViewController.swift */,
				ADB6FC372000D08A002289F8 /* TagListView */,
				1A6076C21AFED303009EA00E /* Main.storyboard */,
				1A6076C51AFED303009EA00E /* Images.xcassets */,
				1A6076C71AFED303009EA00E /* LaunchScreen.xib */,
				1A6076BD1AFED303009EA00E /* Info.plist */,
			);
			path = TagListViewDemo;
			sourceTree = "<group>";
		};
		ADB6FC372000D08A002289F8 /* TagListView */ = {
			isa = PBXGroup;
			children = (
				ADB6FC382000D0A0002289F8 /* TagListView.swift */,
				ADB6FC3A2000D0D6002289F8 /* TagTextField.swift */,
				ADB6FC3C2000D115002289F8 /* TagView.swift */,
				ADB6FC3E2000D13B002289F8 /* CloseButton.swift */,
			);
			path = TagListView;
			sourceTree = "<group>";
		};
/* End PBXGroup section */

/* Begin PBXNativeTarget section */
		1A6076B81AFED303009EA00E /* TagListViewDemo */ = {
			isa = PBXNativeTarget;
			buildConfigurationList = 1A6076D81AFED303009EA00E /* Build configuration list for PBXNativeTarget "TagListViewDemo" */;
			buildPhases = (
				1A6076B51AFED303009EA00E /* Sources */,
				1A6076B61AFED303009EA00E /* Frameworks */,
				1A6076B71AFED303009EA00E /* Resources */,
				1AD177121B6D73E70081F615 /* Embed Frameworks */,
			);
			buildRules = (
			);
			dependencies = (
			);
			name = TagListViewDemo;
			productName = TagListViewDemo;
			productReference = 1A6076B91AFED303009EA00E /* TagListViewDemo.app */;
			productType = "com.apple.product-type.application";
		};
/* End PBXNativeTarget section */

/* Begin PBXProject section */
		1A6076B11AFED303009EA00E /* Project object */ = {
			isa = PBXProject;
			attributes = {
				LastSwiftUpdateCheck = 0700;
				LastUpgradeCheck = 0900;
				ORGANIZATIONNAME = Ela;
				TargetAttributes = {
					1A6076B81AFED303009EA00E = {
						CreatedOnToolsVersion = 6.3.1;
						DevelopmentTeam = WC7W275DZZ;
						LastSwiftMigration = 0900;
						ProvisioningStyle = Automatic;
					};
				};
			};
			buildConfigurationList = 1A6076B41AFED303009EA00E /* Build configuration list for PBXProject "TagListViewDemo" */;
			compatibilityVersion = "Xcode 3.2";
			developmentRegion = English;
			hasScannedForEncodings = 0;
			knownRegions = (
				en,
				Base,
			);
			mainGroup = 1A6076B01AFED303009EA00E;
			productRefGroup = 1A6076BA1AFED303009EA00E /* Products */;
			projectDirPath = "";
			projectRoot = "";
			targets = (
				1A6076B81AFED303009EA00E /* TagListViewDemo */,
			);
		};
/* End PBXProject section */

/* Begin PBXResourcesBuildPhase section */
		1A6076B71AFED303009EA00E /* Resources */ = {
			isa = PBXResourcesBuildPhase;
			buildActionMask = 2147483647;
			files = (
				1A6076C41AFED303009EA00E /* Main.storyboard in Resources */,
				1A6076C91AFED303009EA00E /* LaunchScreen.xib in Resources */,
				1A6076C61AFED303009EA00E /* Images.xcassets in Resources */,
			);
			runOnlyForDeploymentPostprocessing = 0;
		};
/* End PBXResourcesBuildPhase section */

/* Begin PBXSourcesBuildPhase section */
		1A6076B51AFED303009EA00E /* Sources */ = {
			isa = PBXSourcesBuildPhase;
			buildActionMask = 2147483647;
			files = (
				1A6076C11AFED303009EA00E /* ViewController.swift in Sources */,
				1A6076BF1AFED303009EA00E /* AppDelegate.swift in Sources */,
				ADB6FC3B2000D0D6002289F8 /* TagTextField.swift in Sources */,
				ADB6FC3F2000D13B002289F8 /* CloseButton.swift in Sources */,
				ADB6FC392000D0A0002289F8 /* TagListView.swift in Sources */,
				ADB6FC3D2000D115002289F8 /* TagView.swift in Sources */,
			);
			runOnlyForDeploymentPostprocessing = 0;
		};
/* End PBXSourcesBuildPhase section */

/* Begin PBXVariantGroup section */
		1A6076C21AFED303009EA00E /* Main.storyboard */ = {
			isa = PBXVariantGroup;
			children = (
				1A6076C31AFED303009EA00E /* Base */,
			);
			name = Main.storyboard;
			sourceTree = "<group>";
		};
		1A6076C71AFED303009EA00E /* LaunchScreen.xib */ = {
			isa = PBXVariantGroup;
			children = (
				1A6076C81AFED303009EA00E /* Base */,
			);
			name = LaunchScreen.xib;
			sourceTree = "<group>";
		};
/* End PBXVariantGroup section */

/* Begin XCBuildConfiguration section */
		1A6076D61AFED303009EA00E /* Debug */ = {
			isa = XCBuildConfiguration;
			buildSettings = {
				ALWAYS_SEARCH_USER_PATHS = NO;
				CLANG_CXX_LANGUAGE_STANDARD = "gnu++0x";
				CLANG_CXX_LIBRARY = "libc++";
				CLANG_ENABLE_MODULES = YES;
				CLANG_ENABLE_OBJC_ARC = YES;
				CLANG_WARN_BLOCK_CAPTURE_AUTORELEASING = YES;
				CLANG_WARN_BOOL_CONVERSION = YES;
				CLANG_WARN_COMMA = YES;
				CLANG_WARN_CONSTANT_CONVERSION = YES;
				CLANG_WARN_DIRECT_OBJC_ISA_USAGE = YES_ERROR;
				CLANG_WARN_EMPTY_BODY = YES;
				CLANG_WARN_ENUM_CONVERSION = YES;
				CLANG_WARN_INFINITE_RECURSION = YES;
				CLANG_WARN_INT_CONVERSION = YES;
				CLANG_WARN_NON_LITERAL_NULL_CONVERSION = YES;
				CLANG_WARN_OBJC_LITERAL_CONVERSION = YES;
				CLANG_WARN_OBJC_ROOT_CLASS = YES_ERROR;
				CLANG_WARN_RANGE_LOOP_ANALYSIS = YES;
				CLANG_WARN_STRICT_PROTOTYPES = YES;
				CLANG_WARN_SUSPICIOUS_MOVE = YES;
				CLANG_WARN_UNREACHABLE_CODE = YES;
				CLANG_WARN__DUPLICATE_METHOD_MATCH = YES;
				"CODE_SIGN_IDENTITY[sdk=iphoneos*]" = "iPhone Developer";
				COPY_PHASE_STRIP = NO;
				DEBUG_INFORMATION_FORMAT = "dwarf-with-dsym";
				ENABLE_STRICT_OBJC_MSGSEND = YES;
				ENABLE_TESTABILITY = YES;
				GCC_C_LANGUAGE_STANDARD = gnu99;
				GCC_DYNAMIC_NO_PIC = NO;
				GCC_NO_COMMON_BLOCKS = YES;
				GCC_OPTIMIZATION_LEVEL = 0;
				GCC_PREPROCESSOR_DEFINITIONS = (
					"DEBUG=1",
					"$(inherited)",
				);
				GCC_SYMBOLS_PRIVATE_EXTERN = NO;
				GCC_WARN_64_TO_32_BIT_CONVERSION = YES;
				GCC_WARN_ABOUT_RETURN_TYPE = YES_ERROR;
				GCC_WARN_UNDECLARED_SELECTOR = YES;
				GCC_WARN_UNINITIALIZED_AUTOS = YES_AGGRESSIVE;
				GCC_WARN_UNUSED_FUNCTION = YES;
				GCC_WARN_UNUSED_VARIABLE = YES;
				IPHONEOS_DEPLOYMENT_TARGET = 8.0;
				MTL_ENABLE_DEBUG_INFO = YES;
				ONLY_ACTIVE_ARCH = YES;
				SDKROOT = iphoneos;
				SWIFT_OPTIMIZATION_LEVEL = "-Onone";
				TARGETED_DEVICE_FAMILY = "1,2";
			};
			name = Debug;
		};
		1A6076D71AFED303009EA00E /* Release */ = {
			isa = XCBuildConfiguration;
			buildSettings = {
				ALWAYS_SEARCH_USER_PATHS = NO;
				CLANG_CXX_LANGUAGE_STANDARD = "gnu++0x";
				CLANG_CXX_LIBRARY = "libc++";
				CLANG_ENABLE_MODULES = YES;
				CLANG_ENABLE_OBJC_ARC = YES;
				CLANG_WARN_BLOCK_CAPTURE_AUTORELEASING = YES;
				CLANG_WARN_BOOL_CONVERSION = YES;
				CLANG_WARN_COMMA = YES;
				CLANG_WARN_CONSTANT_CONVERSION = YES;
				CLANG_WARN_DIRECT_OBJC_ISA_USAGE = YES_ERROR;
				CLANG_WARN_EMPTY_BODY = YES;
				CLANG_WARN_ENUM_CONVERSION = YES;
				CLANG_WARN_INFINITE_RECURSION = YES;
				CLANG_WARN_INT_CONVERSION = YES;
				CLANG_WARN_NON_LITERAL_NULL_CONVERSION = YES;
				CLANG_WARN_OBJC_LITERAL_CONVERSION = YES;
				CLANG_WARN_OBJC_ROOT_CLASS = YES_ERROR;
				CLANG_WARN_RANGE_LOOP_ANALYSIS = YES;
				CLANG_WARN_STRICT_PROTOTYPES = YES;
				CLANG_WARN_SUSPICIOUS_MOVE = YES;
				CLANG_WARN_UNREACHABLE_CODE = YES;
				CLANG_WARN__DUPLICATE_METHOD_MATCH = YES;
				"CODE_SIGN_IDENTITY[sdk=iphoneos*]" = "iPhone Developer";
				COPY_PHASE_STRIP = NO;
				DEBUG_INFORMATION_FORMAT = "dwarf-with-dsym";
				ENABLE_NS_ASSERTIONS = NO;
				ENABLE_STRICT_OBJC_MSGSEND = YES;
				GCC_C_LANGUAGE_STANDARD = gnu99;
				GCC_NO_COMMON_BLOCKS = YES;
				GCC_WARN_64_TO_32_BIT_CONVERSION = YES;
				GCC_WARN_ABOUT_RETURN_TYPE = YES_ERROR;
				GCC_WARN_UNDECLARED_SELECTOR = YES;
				GCC_WARN_UNINITIALIZED_AUTOS = YES_AGGRESSIVE;
				GCC_WARN_UNUSED_FUNCTION = YES;
				GCC_WARN_UNUSED_VARIABLE = YES;
				IPHONEOS_DEPLOYMENT_TARGET = 8.0;
				MTL_ENABLE_DEBUG_INFO = NO;
				SDKROOT = iphoneos;
				TARGETED_DEVICE_FAMILY = "1,2";
				VALIDATE_PRODUCT = YES;
			};
			name = Release;
		};
		1A6076D91AFED303009EA00E /* Debug */ = {
			isa = XCBuildConfiguration;
			buildSettings = {
				ASSETCATALOG_COMPILER_APPICON_NAME = AppIcon;
				"CODE_SIGN_IDENTITY[sdk=iphoneos*]" = "iPhone Developer";
				CODE_SIGN_STYLE = Automatic;
				DEVELOPMENT_TEAM = WC7W275DZZ;
				INFOPLIST_FILE = TagListViewDemo/Info.plist;
				LD_RUNPATH_SEARCH_PATHS = "$(inherited) @executable_path/Frameworks";
				PRODUCT_BUNDLE_IDENTIFIER = com.taglistview.demo;
				PRODUCT_NAME = "$(TARGET_NAME)";
				PROVISIONING_PROFILE_SPECIFIER = "";
				SWIFT_SWIFT3_OBJC_INFERENCE = Default;
				SWIFT_VERSION = 4.0;
			};
			name = Debug;
		};
		1A6076DA1AFED303009EA00E /* Release */ = {
			isa = XCBuildConfiguration;
			buildSettings = {
				ASSETCATALOG_COMPILER_APPICON_NAME = AppIcon;
				"CODE_SIGN_IDENTITY[sdk=iphoneos*]" = "iPhone Developer";
				CODE_SIGN_STYLE = Automatic;
				DEVELOPMENT_TEAM = WC7W275DZZ;
				INFOPLIST_FILE = TagListViewDemo/Info.plist;
				LD_RUNPATH_SEARCH_PATHS = "$(inherited) @executable_path/Frameworks";
				PRODUCT_BUNDLE_IDENTIFIER = com.taglistview.demo;
				PRODUCT_NAME = "$(TARGET_NAME)";
				PROVISIONING_PROFILE_SPECIFIER = "";
				SWIFT_OPTIMIZATION_LEVEL = "-Owholemodule";
				SWIFT_SWIFT3_OBJC_INFERENCE = Default;
				SWIFT_VERSION = 4.0;
			};
			name = Release;
		};
/* End XCBuildConfiguration section */

/* Begin XCConfigurationList section */
		1A6076B41AFED303009EA00E /* Build configuration list for PBXProject "TagListViewDemo" */ = {
			isa = XCConfigurationList;
			buildConfigurations = (
				1A6076D61AFED303009EA00E /* Debug */,
				1A6076D71AFED303009EA00E /* Release */,
			);
			defaultConfigurationIsVisible = 0;
			defaultConfigurationName = Release;
		};
		1A6076D81AFED303009EA00E /* Build configuration list for PBXNativeTarget "TagListViewDemo" */ = {
			isa = XCConfigurationList;
			buildConfigurations = (
				1A6076D91AFED303009EA00E /* Debug */,
				1A6076DA1AFED303009EA00E /* Release */,
			);
			defaultConfigurationIsVisible = 0;
			defaultConfigurationName = Release;
		};
/* End XCConfigurationList section */
	};
	rootObject = 1A6076B11AFED303009EA00E /* Project object */;
}
